
Microsoft Visual Studio Solution File, Format Version 12.00
# Visual Studio Version 17
VisualStudioVersion = 17.7.34302.85
MinimumVisualStudioVersion = 10.0.40219.1
Project("{54A90642-561A-4BB1-A94E-469ADEE60C69}") = "CDBAngular", "CDBAngular\CDBAngular.esproj", "{BD33D038-22B0-438F-985A-38F287CA0005}"
EndProject
Project("{FAE04EC0-301F-11D3-BF4B-00C04F79EFBC}") = "CDBMinimalAPI", "CDBMinimalAPI\CDBMinimalAPI.csproj", "{6B54D1C8-897D-4FB1-B3D3-5425A16887AB}"
EndProject
Global
	GlobalSection(SolutionConfigurationPlatforms) = preSolution
		Debug|Any CPU = Debug|Any CPU
		Release|Any CPU = Release|Any CPU
	EndGlobalSection
	GlobalSection(ProjectConfigurationPlatforms) = postSolution
		{BD33D038-22B0-438F-985A-38F287CA0005}.Debug|Any CPU.ActiveCfg = Debug|Any CPU
		{BD33D038-22B0-438F-985A-38F287CA0005}.Debug|Any CPU.Build.0 = Debug|Any CPU
		{BD33D038-22B0-438F-985A-38F287CA0005}.Debug|Any CPU.Deploy.0 = Debug|Any CPU
		{BD33D038-22B0-438F-985A-38F287CA0005}.Release|Any CPU.ActiveCfg = Release|Any CPU
		{BD33D038-22B0-438F-985A-38F287CA0005}.Release|Any CPU.Build.0 = Release|Any CPU
		{BD33D038-22B0-438F-985A-38F287CA0005}.Release|Any CPU.Deploy.0 = Release|Any CPU
		{6B54D1C8-897D-4FB1-B3D3-5425A16887AB}.Debug|Any CPU.ActiveCfg = Debug|Any CPU
		{6B54D1C8-897D-4FB1-B3D3-5425A16887AB}.Debug|Any CPU.Build.0 = Debug|Any CPU
		{6B54D1C8-897D-4FB1-B3D3-5425A16887AB}.Release|Any CPU.ActiveCfg = Release|Any CPU
		{6B54D1C8-897D-4FB1-B3D3-5425A16887AB}.Release|Any CPU.Build.0 = Release|Any CPU
	EndGlobalSection
	GlobalSection(SolutionProperties) = preSolution
		HideSolutionNode = FALSE
	EndGlobalSection
	GlobalSection(ExtensibilityGlobals) = postSolution
		SolutionGuid = {7F13CE4F-38A8-45CD-B76E-D019FBFF9CC8}
	EndGlobalSection
EndGlobal
